{
    "_meta": {
        "hash": {
            "sha256": "a10dc0b8fa27ead64eb3c2cf603c3105e03254b68c6feda98dbfe8e0af90cbc7"
        },
        "host-environment-markers": {
            "implementation_name": "cpython",
            "implementation_version": "3.5.2",
            "os_name": "posix",
            "platform_machine": "x86_64",
            "platform_python_implementation": "CPython",
            "platform_release": "4.13.0-39-generic",
            "platform_system": "Linux",
            "platform_version": "#44~16.04.1-Ubuntu SMP Thu Apr 5 16:43:10 UTC 2018",
            "python_full_version": "3.5.2",
            "python_version": "3.5",
            "sys_platform": "linux"
        },
        "pipfile-spec": 6,
        "requires": {},
        "sources": [
            {
                "name": "pypi",
                "url": "https://mirrors.aliyun.com/pypi/simple/",
                "verify_ssl": true
            }
        ]
    },
    "default": {
        "cython": {
            "hashes": [],
            "version": "==0.28.2"
        },
        "numpy": {
            "hashes": [],
            "version": "==1.14.3"
        },
        "pymongo": {
            "hashes": [],
            "version": "==3.6.1"
        },
        "python-decouple": {
            "hashes": [],
            "version": "==3.1"
        },
        "scipy": {
            "hashes": [],
            "version": "==1.1.0"
        },
        "tqdm": {
            "hashes": [],
            "version": "==4.23.3"
        }
    },
    "develop": {
        "backcall": {
            "hashes": [],
            "version": "==0.1.0"
        },
        "certifi": {
            "hashes": [],
            "version": "==2018.4.16"
        },
        "chardet": {
            "hashes": [],
            "version": "==3.0.4"
        },
        "coverage": {
            "hashes": [],
            "version": "==4.5.1"
        },
        "decorator": {
            "hashes": [],
            "version": "==4.3.0"
        },
        "flake8": {
            "hashes": [],
            "version": "==3.5.0"
        },
        "idna": {
            "hashes": [],
            "version": "==2.6"
        },
        "ipdb": {
            "hashes": [],
            "version": "==0.11"
        },
        "ipython": {
            "hashes": [],
            "version": "==6.3.1"
        },
        "ipython-genutils": {
            "hashes": [],
            "version": "==0.2.0"
        },
        "jedi": {
            "hashes": [],
            "version": "==0.12.0"
        },
        "mccabe": {
            "hashes": [],
            "version": "==0.6.1"
        },
        "nose": {
            "hashes": [],
            "version": "==1.3.7"
        },
        "parso": {
            "hashes": [],
            "version": "==0.2.0"
        },
        "pexpect": {
            "hashes": [],
            "markers": "sys_platform != 'win32'",
            "version": "==4.5.0"
        },
        "pickleshare": {
            "hashes": [],
            "version": "==0.7.4"
        },
        "pkginfo": {
            "hashes": [],
            "version": "==1.4.2"
        },
        "prompt-toolkit": {
            "hashes": [],
            "version": "==1.0.15"
        },
        "ptyprocess": {
            "hashes": [],
            "version": "==0.5.2"
        },
        "pycodestyle": {
            "hashes": [],
            "version": "==2.3.1"
        },
        "pyflakes": {
            "hashes": [],
            "version": "==1.6.0"
        },
        "pygments": {
            "hashes": [],
            "version": "==2.2.0"
        },
        "requests": {
            "hashes": [],
            "version": "==2.18.4"
        },
        "requests-toolbelt": {
            "hashes": [],
            "version": "==0.8.0"
        },
        "simplegeneric": {
            "hashes": [],
            "version": "==0.8.1"
        },
        "six": {
            "hashes": [],
            "version": "==1.11.0"
        },
        "tqdm": {
            "hashes": [],
            "version": "==4.23.3"
        },
        "traitlets": {
            "hashes": [],
            "version": "==4.3.2"
        },
        "twine": {
            "hashes": [],
            "version": "==1.11.0"
        },
        "urllib3": {
            "hashes": [],
            "version": "==1.22"
        },
        "wcwidth": {
            "hashes": [],
            "version": "==0.1.7"
        }
    }
}
